
Microsoft Visual Studio Solution File, Format Version 12.00
# Visual Studio Version 17
Project("{2150E333-8FDC-42A3-9474-1A3956D46DE8}") = "CMakePredefinedTargets", "CMakePredefinedTargets", "{88960FC1-0115-312C-9598-117FD82B56B9}"
EndProject
Project("{2150E333-8FDC-42A3-9474-1A3956D46DE8}") = "External", "External", "{B0AB9A55-CFDD-3398-BC0A-61E137D01827}"
EndProject
Project("{2150E333-8FDC-42A3-9474-1A3956D46DE8}") = "Internal", "Internal", "{C05FFE55-A952-3952-ABB3-64F814FE92DE}"
EndProject
Project("{8BC9CEB8-8B4A-11D0-8D11-00A0C91BC942}") = "ALL_BUILD", "ALL_BUILD.vcxproj", "{A7A29A83-7534-3F40-A80F-952CF8FF8F69}"
	ProjectSection(ProjectDependencies) = postProject
		{07A182B8-4CD1-3F58-984D-544CBC8D39DE} = {07A182B8-4CD1-3F58-984D-544CBC8D39DE}
		{8A29409E-0732-36E4-A17F-55C0A64B0B29} = {8A29409E-0732-36E4-A17F-55C0A64B0B29}
		{52FE0235-5A9A-3DCA-821A-D3D135D662B8} = {52FE0235-5A9A-3DCA-821A-D3D135D662B8}
		{98959B1F-6367-3A13-ACBD-08DC7ECF2785} = {98959B1F-6367-3A13-ACBD-08DC7ECF2785}
		{A67D7839-A3BE-3A9A-8004-91CA1DCE5068} = {A67D7839-A3BE-3A9A-8004-91CA1DCE5068}
		{F7A3BFA2-0F37-323A-B4DF-894EE2AEAFB9} = {F7A3BFA2-0F37-323A-B4DF-894EE2AEAFB9}
		{5CED64B0-657D-37CA-8D60-1FAC1E994417} = {5CED64B0-657D-37CA-8D60-1FAC1E994417}
		{B92AB8AD-CCE5-3AAC-9FD0-FB3BC2D3D8BC} = {B92AB8AD-CCE5-3AAC-9FD0-FB3BC2D3D8BC}
		{40ECFED4-A5F3-3FEE-AF85-4B990893F2AC} = {40ECFED4-A5F3-3FEE-AF85-4B990893F2AC}
		{EEAFE0EB-546A-3BEA-BA38-ECCE81C13C27} = {EEAFE0EB-546A-3BEA-BA38-ECCE81C13C27}
		{2A4F6D46-92F2-3D5A-B342-BEB73F34B528} = {2A4F6D46-92F2-3D5A-B342-BEB73F34B528}
		{2DDF6D6C-793A-3231-8CE1-ACBDC0865B1A} = {2DDF6D6C-793A-3231-8CE1-ACBDC0865B1A}
		{BDD35CF9-3823-3213-B795-F760B072A482} = {BDD35CF9-3823-3213-B795-F760B072A482}
	EndProjectSection
EndProject
Project("{8BC9CEB8-8B4A-11D0-8D11-00A0C91BC942}") = "ZERO_CHECK", "..\..\..\\ZERO_CHECK.vcxproj", "{07A182B8-4CD1-3F58-984D-544CBC8D39DE}"
	ProjectSection(ProjectDependencies) = postProject
	EndProjectSection
EndProject
Project("{8BC9CEB8-8B4A-11D0-8D11-00A0C91BC942}") = "cocos2d", "cocos2d.vcxproj", "{8A29409E-0732-36E4-A17F-55C0A64B0B29}"
	ProjectSection(ProjectDependencies) = postProject
		{07A182B8-4CD1-3F58-984D-544CBC8D39DE} = {07A182B8-4CD1-3F58-984D-544CBC8D39DE}
		{52FE0235-5A9A-3DCA-821A-D3D135D662B8} = {52FE0235-5A9A-3DCA-821A-D3D135D662B8}
		{98959B1F-6367-3A13-ACBD-08DC7ECF2785} = {98959B1F-6367-3A13-ACBD-08DC7ECF2785}
		{A67D7839-A3BE-3A9A-8004-91CA1DCE5068} = {A67D7839-A3BE-3A9A-8004-91CA1DCE5068}
		{F7A3BFA2-0F37-323A-B4DF-894EE2AEAFB9} = {F7A3BFA2-0F37-323A-B4DF-894EE2AEAFB9}
		{5CED64B0-657D-37CA-8D60-1FAC1E994417} = {5CED64B0-657D-37CA-8D60-1FAC1E994417}
		{B92AB8AD-CCE5-3AAC-9FD0-FB3BC2D3D8BC} = {B92AB8AD-CCE5-3AAC-9FD0-FB3BC2D3D8BC}
		{40ECFED4-A5F3-3FEE-AF85-4B990893F2AC} = {40ECFED4-A5F3-3FEE-AF85-4B990893F2AC}
		{EEAFE0EB-546A-3BEA-BA38-ECCE81C13C27} = {EEAFE0EB-546A-3BEA-BA38-ECCE81C13C27}
		{2A4F6D46-92F2-3D5A-B342-BEB73F34B528} = {2A4F6D46-92F2-3D5A-B342-BEB73F34B528}
		{2DDF6D6C-793A-3231-8CE1-ACBDC0865B1A} = {2DDF6D6C-793A-3231-8CE1-ACBDC0865B1A}
		{BDD35CF9-3823-3213-B795-F760B072A482} = {BDD35CF9-3823-3213-B795-F760B072A482}
	EndProjectSection
EndProject
Project("{8BC9CEB8-8B4A-11D0-8D11-00A0C91BC942}") = "ext_clipper", "..\..\external\clipper\ext_clipper.vcxproj", "{52FE0235-5A9A-3DCA-821A-D3D135D662B8}"
	ProjectSection(ProjectDependencies) = postProject
		{07A182B8-4CD1-3F58-984D-544CBC8D39DE} = {07A182B8-4CD1-3F58-984D-544CBC8D39DE}
	EndProjectSection
EndProject
Project("{8BC9CEB8-8B4A-11D0-8D11-00A0C91BC942}") = "ext_convertUTF", "..\..\external\ConvertUTF\ext_convertUTF.vcxproj", "{98959B1F-6367-3A13-ACBD-08DC7ECF2785}"
	ProjectSection(ProjectDependencies) = postProject
		{07A182B8-4CD1-3F58-984D-544CBC8D39DE} = {07A182B8-4CD1-3F58-984D-544CBC8D39DE}
	EndProjectSection
EndProject
Project("{8BC9CEB8-8B4A-11D0-8D11-00A0C91BC942}") = "ext_edtaa3func", "..\..\external\edtaa3func\ext_edtaa3func.vcxproj", "{A67D7839-A3BE-3A9A-8004-91CA1DCE5068}"
	ProjectSection(ProjectDependencies) = postProject
		{07A182B8-4CD1-3F58-984D-544CBC8D39DE} = {07A182B8-4CD1-3F58-984D-544CBC8D39DE}
	EndProjectSection
EndProject
Project("{8BC9CEB8-8B4A-11D0-8D11-00A0C91BC942}") = "ext_md5", "..\..\external\md5\ext_md5.vcxproj", "{F7A3BFA2-0F37-323A-B4DF-894EE2AEAFB9}"
	ProjectSection(ProjectDependencies) = postProject
		{07A182B8-4CD1-3F58-984D-544CBC8D39DE} = {07A182B8-4CD1-3F58-984D-544CBC8D39DE}
	EndProjectSection
EndProject
Project("{8BC9CEB8-8B4A-11D0-8D11-00A0C91BC942}") = "ext_poly2tri", "..\..\external\poly2tri\ext_poly2tri.vcxproj", "{5CED64B0-657D-37CA-8D60-1FAC1E994417}"
	ProjectSection(ProjectDependencies) = postProject
		{07A182B8-4CD1-3F58-984D-544CBC8D39DE} = {07A182B8-4CD1-3F58-984D-544CBC8D39DE}
	EndProjectSection
EndProject
Project("{8BC9CEB8-8B4A-11D0-8D11-00A0C91BC942}") = "ext_recast", "..\..\external\recast\ext_recast.vcxproj", "{B92AB8AD-CCE5-3AAC-9FD0-FB3BC2D3D8BC}"
	ProjectSection(ProjectDependencies) = postProject
		{07A182B8-4CD1-3F58-984D-544CBC8D39DE} = {07A182B8-4CD1-3F58-984D-544CBC8D39DE}
	EndProjectSection
EndProject
Project("{8BC9CEB8-8B4A-11D0-8D11-00A0C91BC942}") = "ext_tinyxml2", "..\..\external\tinyxml2\ext_tinyxml2.vcxproj", "{40ECFED4-A5F3-3FEE-AF85-4B990893F2AC}"
	ProjectSection(ProjectDependencies) = postProject
		{07A182B8-4CD1-3F58-984D-544CBC8D39DE} = {07A182B8-4CD1-3F58-984D-544CBC8D39DE}
	EndProjectSection
EndProject
Project("{8BC9CEB8-8B4A-11D0-8D11-00A0C91BC942}") = "ext_unzip", "..\..\external\unzip\ext_unzip.vcxproj", "{EEAFE0EB-546A-3BEA-BA38-ECCE81C13C27}"
	ProjectSection(ProjectDependencies) = postProject
		{07A182B8-4CD1-3F58-984D-544CBC8D39DE} = {07A182B8-4CD1-3F58-984D-544CBC8D39DE}
	EndProjectSection
EndProject
Project("{8BC9CEB8-8B4A-11D0-8D11-00A0C91BC942}") = "ext_xxhash", "..\..\external\xxhash\ext_xxhash.vcxproj", "{2A4F6D46-92F2-3D5A-B342-BEB73F34B528}"
	ProjectSection(ProjectDependencies) = postProject
		{07A182B8-4CD1-3F58-984D-544CBC8D39DE} = {07A182B8-4CD1-3F58-984D-544CBC8D39DE}
	EndProjectSection
EndProject
Project("{8BC9CEB8-8B4A-11D0-8D11-00A0C91BC942}") = "ext_xxtea", "..\..\external\xxtea\ext_xxtea.vcxproj", "{2DDF6D6C-793A-3231-8CE1-ACBDC0865B1A}"
	ProjectSection(ProjectDependencies) = postProject
		{07A182B8-4CD1-3F58-984D-544CBC8D39DE} = {07A182B8-4CD1-3F58-984D-544CBC8D39DE}
	EndProjectSection
EndProject
Project("{8BC9CEB8-8B4A-11D0-8D11-00A0C91BC942}") = "external", "..\..\external\external.vcxproj", "{BDD35CF9-3823-3213-B795-F760B072A482}"
	ProjectSection(ProjectDependencies) = postProject
		{07A182B8-4CD1-3F58-984D-544CBC8D39DE} = {07A182B8-4CD1-3F58-984D-544CBC8D39DE}
		{52FE0235-5A9A-3DCA-821A-D3D135D662B8} = {52FE0235-5A9A-3DCA-821A-D3D135D662B8}
		{98959B1F-6367-3A13-ACBD-08DC7ECF2785} = {98959B1F-6367-3A13-ACBD-08DC7ECF2785}
		{A67D7839-A3BE-3A9A-8004-91CA1DCE5068} = {A67D7839-A3BE-3A9A-8004-91CA1DCE5068}
		{F7A3BFA2-0F37-323A-B4DF-894EE2AEAFB9} = {F7A3BFA2-0F37-323A-B4DF-894EE2AEAFB9}
		{5CED64B0-657D-37CA-8D60-1FAC1E994417} = {5CED64B0-657D-37CA-8D60-1FAC1E994417}
		{B92AB8AD-CCE5-3AAC-9FD0-FB3BC2D3D8BC} = {B92AB8AD-CCE5-3AAC-9FD0-FB3BC2D3D8BC}
		{40ECFED4-A5F3-3FEE-AF85-4B990893F2AC} = {40ECFED4-A5F3-3FEE-AF85-4B990893F2AC}
		{EEAFE0EB-546A-3BEA-BA38-ECCE81C13C27} = {EEAFE0EB-546A-3BEA-BA38-ECCE81C13C27}
		{2A4F6D46-92F2-3D5A-B342-BEB73F34B528} = {2A4F6D46-92F2-3D5A-B342-BEB73F34B528}
		{2DDF6D6C-793A-3231-8CE1-ACBDC0865B1A} = {2DDF6D6C-793A-3231-8CE1-ACBDC0865B1A}
	EndProjectSection
EndProject
Global
	GlobalSection(SolutionConfigurationPlatforms) = preSolution
		Debug|Win32 = Debug|Win32
		Release|Win32 = Release|Win32
		MinSizeRel|Win32 = MinSizeRel|Win32
		RelWithDebInfo|Win32 = RelWithDebInfo|Win32
	EndGlobalSection
	GlobalSection(ProjectConfigurationPlatforms) = postSolution
		{A7A29A83-7534-3F40-A80F-952CF8FF8F69}.Debug|Win32.ActiveCfg = Debug|Win32
		{A7A29A83-7534-3F40-A80F-952CF8FF8F69}.Release|Win32.ActiveCfg = Release|Win32
		{A7A29A83-7534-3F40-A80F-952CF8FF8F69}.MinSizeRel|Win32.ActiveCfg = MinSizeRel|Win32
		{A7A29A83-7534-3F40-A80F-952CF8FF8F69}.RelWithDebInfo|Win32.ActiveCfg = RelWithDebInfo|Win32
		{07A182B8-4CD1-3F58-984D-544CBC8D39DE}.Debug|Win32.ActiveCfg = Debug|Win32
		{07A182B8-4CD1-3F58-984D-544CBC8D39DE}.Debug|Win32.Build.0 = Debug|Win32
		{07A182B8-4CD1-3F58-984D-544CBC8D39DE}.Release|Win32.ActiveCfg = Release|Win32
		{07A182B8-4CD1-3F58-984D-544CBC8D39DE}.Release|Win32.Build.0 = Release|Win32
		{07A182B8-4CD1-3F58-984D-544CBC8D39DE}.MinSizeRel|Win32.ActiveCfg = MinSizeRel|Win32
		{07A182B8-4CD1-3F58-984D-544CBC8D39DE}.MinSizeRel|Win32.Build.0 = MinSizeRel|Win32
		{07A182B8-4CD1-3F58-984D-544CBC8D39DE}.RelWithDebInfo|Win32.ActiveCfg = RelWithDebInfo|Win32
		{07A182B8-4CD1-3F58-984D-544CBC8D39DE}.RelWithDebInfo|Win32.Build.0 = RelWithDebInfo|Win32
		{8A29409E-0732-36E4-A17F-55C0A64B0B29}.Debug|Win32.ActiveCfg = Debug|Win32
		{8A29409E-0732-36E4-A17F-55C0A64B0B29}.Debug|Win32.Build.0 = Debug|Win32
		{8A29409E-0732-36E4-A17F-55C0A64B0B29}.Release|Win32.ActiveCfg = Release|Win32
		{8A29409E-0732-36E4-A17F-55C0A64B0B29}.Release|Win32.Build.0 = Release|Win32
		{8A29409E-0732-36E4-A17F-55C0A64B0B29}.MinSizeRel|Win32.ActiveCfg = MinSizeRel|Win32
		{8A29409E-0732-36E4-A17F-55C0A64B0B29}.MinSizeRel|Win32.Build.0 = MinSizeRel|Win32
		{8A29409E-0732-36E4-A17F-55C0A64B0B29}.RelWithDebInfo|Win32.ActiveCfg = RelWithDebInfo|Win32
		{8A29409E-0732-36E4-A17F-55C0A64B0B29}.RelWithDebInfo|Win32.Build.0 = RelWithDebInfo|Win32
		{52FE0235-5A9A-3DCA-821A-D3D135D662B8}.Debug|Win32.ActiveCfg = Debug|Win32
		{52FE0235-5A9A-3DCA-821A-D3D135D662B8}.Debug|Win32.Build.0 = Debug|Win32
		{52FE0235-5A9A-3DCA-821A-D3D135D662B8}.Release|Win32.ActiveCfg = Release|Win32
		{52FE0235-5A9A-3DCA-821A-D3D135D662B8}.Release|Win32.Build.0 = Release|Win32
		{52FE0235-5A9A-3DCA-821A-D3D135D662B8}.MinSizeRel|Win32.ActiveCfg = MinSizeRel|Win32
		{52FE0235-5A9A-3DCA-821A-D3D135D662B8}.MinSizeRel|Win32.Build.0 = MinSizeRel|Win32
		{52FE0235-5A9A-3DCA-821A-D3D135D662B8}.RelWithDebInfo|Win32.ActiveCfg = RelWithDebInfo|Win32
		{52FE0235-5A9A-3DCA-821A-D3D135D662B8}.RelWithDebInfo|Win32.Build.0 = RelWithDebInfo|Win32
		{98959B1F-6367-3A13-ACBD-08DC7ECF2785}.Debug|Win32.ActiveCfg = Debug|Win32
		{98959B1F-6367-3A13-ACBD-08DC7ECF2785}.Debug|Win32.Build.0 = Debug|Win32
		{98959B1F-6367-3A13-ACBD-08DC7ECF2785}.Release|Win32.ActiveCfg = Release|Win32
		{98959B1F-6367-3A13-ACBD-08DC7ECF2785}.Release|Win32.Build.0 = Release|Win32
		{98959B1F-6367-3A13-ACBD-08DC7ECF2785}.MinSizeRel|Win32.ActiveCfg = MinSizeRel|Win32
		{98959B1F-6367-3A13-ACBD-08DC7ECF2785}.MinSizeRel|Win32.Build.0 = MinSizeRel|Win32
		{98959B1F-6367-3A13-ACBD-08DC7ECF2785}.RelWithDebInfo|Win32.ActiveCfg = RelWithDebInfo|Win32
		{98959B1F-6367-3A13-ACBD-08DC7ECF2785}.RelWithDebInfo|Win32.Build.0 = RelWithDebInfo|Win32
		{A67D7839-A3BE-3A9A-8004-91CA1DCE5068}.Debug|Win32.ActiveCfg = Debug|Win32
		{A67D7839-A3BE-3A9A-8004-91CA1DCE5068}.Debug|Win32.Build.0 = Debug|Win32
		{A67D7839-A3BE-3A9A-8004-91CA1DCE5068}.Release|Win32.ActiveCfg = Release|Win32
		{A67D7839-A3BE-3A9A-8004-91CA1DCE5068}.Release|Win32.Build.0 = Release|Win32
		{A67D7839-A3BE-3A9A-8004-91CA1DCE5068}.MinSizeRel|Win32.ActiveCfg = MinSizeRel|Win32
		{A67D7839-A3BE-3A9A-8004-91CA1DCE5068}.MinSizeRel|Win32.Build.0 = MinSizeRel|Win32
		{A67D7839-A3BE-3A9A-8004-91CA1DCE5068}.RelWithDebInfo|Win32.ActiveCfg = RelWithDebInfo|Win32
		{A67D7839-A3BE-3A9A-8004-91CA1DCE5068}.RelWithDebInfo|Win32.Build.0 = RelWithDebInfo|Win32
		{F7A3BFA2-0F37-323A-B4DF-894EE2AEAFB9}.Debug|Win32.ActiveCfg = Debug|Win32
		{F7A3BFA2-0F37-323A-B4DF-894EE2AEAFB9}.Debug|Win32.Build.0 = Debug|Win32
		{F7A3BFA2-0F37-323A-B4DF-894EE2AEAFB9}.Release|Win32.ActiveCfg = Release|Win32
		{F7A3BFA2-0F37-323A-B4DF-894EE2AEAFB9}.Release|Win32.Build.0 = Release|Win32
		{F7A3BFA2-0F37-323A-B4DF-894EE2AEAFB9}.MinSizeRel|Win32.ActiveCfg = MinSizeRel|Win32
		{F7A3BFA2-0F37-323A-B4DF-894EE2AEAFB9}.MinSizeRel|Win32.Build.0 = MinSizeRel|Win32
		{F7A3BFA2-0F37-323A-B4DF-894EE2AEAFB9}.RelWithDebInfo|Win32.ActiveCfg = RelWithDebInfo|Win32
		{F7A3BFA2-0F37-323A-B4DF-894EE2AEAFB9}.RelWithDebInfo|Win32.Build.0 = RelWithDebInfo|Win32
		{5CED64B0-657D-37CA-8D60-1FAC1E994417}.Debug|Win32.ActiveCfg = Debug|Win32
		{5CED64B0-657D-37CA-8D60-1FAC1E994417}.Debug|Win32.Build.0 = Debug|Win32
		{5CED64B0-657D-37CA-8D60-1FAC1E994417}.Release|Win32.ActiveCfg = Release|Win32
		{5CED64B0-657D-37CA-8D60-1FAC1E994417}.Release|Win32.Build.0 = Release|Win32
		{5CED64B0-657D-37CA-8D60-1FAC1E994417}.MinSizeRel|Win32.ActiveCfg = MinSizeRel|Win32
		{5CED64B0-657D-37CA-8D60-1FAC1E994417}.MinSizeRel|Win32.Build.0 = MinSizeRel|Win32
		{5CED64B0-657D-37CA-8D60-1FAC1E994417}.RelWithDebInfo|Win32.ActiveCfg = RelWithDebInfo|Win32
		{5CED64B0-657D-37CA-8D60-1FAC1E994417}.RelWithDebInfo|Win32.Build.0 = RelWithDebInfo|Win32
		{B92AB8AD-CCE5-3AAC-9FD0-FB3BC2D3D8BC}.Debug|Win32.ActiveCfg = Debug|Win32
		{B92AB8AD-CCE5-3AAC-9FD0-FB3BC2D3D8BC}.Debug|Win32.Build.0 = Debug|Win32
		{B92AB8AD-CCE5-3AAC-9FD0-FB3BC2D3D8BC}.Release|Win32.ActiveCfg = Release|Win32
		{B92AB8AD-CCE5-3AAC-9FD0-FB3BC2D3D8BC}.Release|Win32.Build.0 = Release|Win32
		{B92AB8AD-CCE5-3AAC-9FD0-FB3BC2D3D8BC}.MinSizeRel|Win32.ActiveCfg = MinSizeRel|Win32
		{B92AB8AD-CCE5-3AAC-9FD0-FB3BC2D3D8BC}.MinSizeRel|Win32.Build.0 = MinSizeRel|Win32
		{B92AB8AD-CCE5-3AAC-9FD0-FB3BC2D3D8BC}.RelWithDebInfo|Win32.ActiveCfg = RelWithDebInfo|Win32
		{B92AB8AD-CCE5-3AAC-9FD0-FB3BC2D3D8BC}.RelWithDebInfo|Win32.Build.0 = RelWithDebInfo|Win32
		{40ECFED4-A5F3-3FEE-AF85-4B990893F2AC}.Debug|Win32.ActiveCfg = Debug|Win32
		{40ECFED4-A5F3-3FEE-AF85-4B990893F2AC}.Debug|Win32.Build.0 = Debug|Win32
		{40ECFED4-A5F3-3FEE-AF85-4B990893F2AC}.Release|Win32.ActiveCfg = Release|Win32
		{40ECFED4-A5F3-3FEE-AF85-4B990893F2AC}.Release|Win32.Build.0 = Release|Win32
		{40ECFED4-A5F3-3FEE-AF85-4B990893F2AC}.MinSizeRel|Win32.ActiveCfg = MinSizeRel|Win32
		{40ECFED4-A5F3-3FEE-AF85-4B990893F2AC}.MinSizeRel|Win32.Build.0 = MinSizeRel|Win32
		{40ECFED4-A5F3-3FEE-AF85-4B990893F2AC}.RelWithDebInfo|Win32.ActiveCfg = RelWithDebInfo|Win32
		{40ECFED4-A5F3-3FEE-AF85-4B990893F2AC}.RelWithDebInfo|Win32.Build.0 = RelWithDebInfo|Win32
		{EEAFE0EB-546A-3BEA-BA38-ECCE81C13C27}.Debug|Win32.ActiveCfg = Debug|Win32
		{EEAFE0EB-546A-3BEA-BA38-ECCE81C13C27}.Debug|Win32.Build.0 = Debug|Win32
		{EEAFE0EB-546A-3BEA-BA38-ECCE81C13C27}.Release|Win32.ActiveCfg = Release|Win32
		{EEAFE0EB-546A-3BEA-BA38-ECCE81C13C27}.Release|Win32.Build.0 = Release|Win32
		{EEAFE0EB-546A-3BEA-BA38-ECCE81C13C27}.MinSizeRel|Win32.ActiveCfg = MinSizeRel|Win32
		{EEAFE0EB-546A-3BEA-BA38-ECCE81C13C27}.MinSizeRel|Win32.Build.0 = MinSizeRel|Win32
		{EEAFE0EB-546A-3BEA-BA38-ECCE81C13C27}.RelWithDebInfo|Win32.ActiveCfg = RelWithDebInfo|Win32
		{EEAFE0EB-546A-3BEA-BA38-ECCE81C13C27}.RelWithDebInfo|Win32.Build.0 = RelWithDebInfo|Win32
		{2A4F6D46-92F2-3D5A-B342-BEB73F34B528}.Debug|Win32.ActiveCfg = Debug|Win32
		{2A4F6D46-92F2-3D5A-B342-BEB73F34B528}.Debug|Win32.Build.0 = Debug|Win32
		{2A4F6D46-92F2-3D5A-B342-BEB73F34B528}.Release|Win32.ActiveCfg = Release|Win32
		{2A4F6D46-92F2-3D5A-B342-BEB73F34B528}.Release|Win32.Build.0 = Release|Win32
		{2A4F6D46-92F2-3D5A-B342-BEB73F34B528}.MinSizeRel|Win32.ActiveCfg = MinSizeRel|Win32
		{2A4F6D46-92F2-3D5A-B342-BEB73F34B528}.MinSizeRel|Win32.Build.0 = MinSizeRel|Win32
		{2A4F6D46-92F2-3D5A-B342-BEB73F34B528}.RelWithDebInfo|Win32.ActiveCfg = RelWithDebInfo|Win32
		{2A4F6D46-92F2-3D5A-B342-BEB73F34B528}.RelWithDebInfo|Win32.Build.0 = RelWithDebInfo|Win32
		{2DDF6D6C-793A-3231-8CE1-ACBDC0865B1A}.Debug|Win32.ActiveCfg = Debug|Win32
		{2DDF6D6C-793A-3231-8CE1-ACBDC0865B1A}.Debug|Win32.Build.0 = Debug|Win32
		{2DDF6D6C-793A-3231-8CE1-ACBDC0865B1A}.Release|Win32.ActiveCfg = Release|Win32
		{2DDF6D6C-793A-3231-8CE1-ACBDC0865B1A}.Release|Win32.Build.0 = Release|Win32
		{2DDF6D6C-793A-3231-8CE1-ACBDC0865B1A}.MinSizeRel|Win32.ActiveCfg = MinSizeRel|Win32
		{2DDF6D6C-793A-3231-8CE1-ACBDC0865B1A}.MinSizeRel|Win32.Build.0 = MinSizeRel|Win32
		{2DDF6D6C-793A-3231-8CE1-ACBDC0865B1A}.RelWithDebInfo|Win32.ActiveCfg = RelWithDebInfo|Win32
		{2DDF6D6C-793A-3231-8CE1-ACBDC0865B1A}.RelWithDebInfo|Win32.Build.0 = RelWithDebInfo|Win32
		{BDD35CF9-3823-3213-B795-F760B072A482}.Debug|Win32.ActiveCfg = Debug|Win32
		{BDD35CF9-3823-3213-B795-F760B072A482}.Debug|Win32.Build.0 = Debug|Win32
		{BDD35CF9-3823-3213-B795-F760B072A482}.Release|Win32.ActiveCfg = Release|Win32
		{BDD35CF9-3823-3213-B795-F760B072A482}.Release|Win32.Build.0 = Release|Win32
		{BDD35CF9-3823-3213-B795-F760B072A482}.MinSizeRel|Win32.ActiveCfg = MinSizeRel|Win32
		{BDD35CF9-3823-3213-B795-F760B072A482}.MinSizeRel|Win32.Build.0 = MinSizeRel|Win32
		{BDD35CF9-3823-3213-B795-F760B072A482}.RelWithDebInfo|Win32.ActiveCfg = RelWithDebInfo|Win32
		{BDD35CF9-3823-3213-B795-F760B072A482}.RelWithDebInfo|Win32.Build.0 = RelWithDebInfo|Win32
	EndGlobalSection
	GlobalSection(NestedProjects) = preSolution
		{A7A29A83-7534-3F40-A80F-952CF8FF8F69} = {88960FC1-0115-312C-9598-117FD82B56B9}
		{07A182B8-4CD1-3F58-984D-544CBC8D39DE} = {88960FC1-0115-312C-9598-117FD82B56B9}
		{52FE0235-5A9A-3DCA-821A-D3D135D662B8} = {B0AB9A55-CFDD-3398-BC0A-61E137D01827}
		{98959B1F-6367-3A13-ACBD-08DC7ECF2785} = {B0AB9A55-CFDD-3398-BC0A-61E137D01827}
		{A67D7839-A3BE-3A9A-8004-91CA1DCE5068} = {B0AB9A55-CFDD-3398-BC0A-61E137D01827}
		{F7A3BFA2-0F37-323A-B4DF-894EE2AEAFB9} = {B0AB9A55-CFDD-3398-BC0A-61E137D01827}
		{5CED64B0-657D-37CA-8D60-1FAC1E994417} = {B0AB9A55-CFDD-3398-BC0A-61E137D01827}
		{B92AB8AD-CCE5-3AAC-9FD0-FB3BC2D3D8BC} = {B0AB9A55-CFDD-3398-BC0A-61E137D01827}
		{40ECFED4-A5F3-3FEE-AF85-4B990893F2AC} = {B0AB9A55-CFDD-3398-BC0A-61E137D01827}
		{EEAFE0EB-546A-3BEA-BA38-ECCE81C13C27} = {B0AB9A55-CFDD-3398-BC0A-61E137D01827}
		{2A4F6D46-92F2-3D5A-B342-BEB73F34B528} = {B0AB9A55-CFDD-3398-BC0A-61E137D01827}
		{2DDF6D6C-793A-3231-8CE1-ACBDC0865B1A} = {B0AB9A55-CFDD-3398-BC0A-61E137D01827}
		{BDD35CF9-3823-3213-B795-F760B072A482} = {B0AB9A55-CFDD-3398-BC0A-61E137D01827}
		{8A29409E-0732-36E4-A17F-55C0A64B0B29} = {C05FFE55-A952-3952-ABB3-64F814FE92DE}
	EndGlobalSection
	GlobalSection(ExtensibilityGlobals) = postSolution
		SolutionGuid = {5E9FA767-8CDE-3381-930C-8B92A6B1DC7B}
	EndGlobalSection
	GlobalSection(ExtensibilityAddIns) = postSolution
	EndGlobalSection
EndGlobal
