<?xml version="1.0" encoding="utf-8"?>
<Project ToolsVersion="16.0" xmlns="http://schemas.microsoft.com/developer/msbuild/2003">
  <ItemGroup>
    <ClCompile Include="C:\Users\lcv0278187\Documents\GitHub\2dgames\2dgames\Classes\AppDelegate.cpp">
      <Filter>Source Files\Classes</Filter>
    </ClCompile>
    <ClCompile Include="C:\Users\lcv0278187\Documents\GitHub\2dgames\2dgames\Classes\Assignment2.cpp">
      <Filter>Source Files\Classes</Filter>
    </ClCompile>
    <ClCompile Include="C:\Users\lcv0278187\Documents\GitHub\2dgames\2dgames\Classes\CollisionTestScene.cpp">
      <Filter>Source Files\Classes</Filter>
    </ClCompile>
    <ClCompile Include="C:\Users\lcv0278187\Documents\GitHub\2dgames\2dgames\Classes\HelloWorldScene.cpp">
      <Filter>Source Files\Classes</Filter>
    </ClCompile>
    <ClCompile Include="C:\Users\lcv0278187\Documents\GitHub\2dgames\2dgames\Classes\KeyboardScene.cpp">
      <Filter>Source Files\Classes</Filter>
    </ClCompile>
    <ClCompile Include="C:\Users\lcv0278187\Documents\GitHub\2dgames\2dgames\proj.win32\main.cpp">
      <Filter>Source Files\proj.win32</Filter>
    </ClCompile>
    <ClCompile Include="C:\Users\lcv0278187\Documents\GitHub\2dgames\2dgames\cocos2d\cocos\precheader.cpp">
      <Filter>Source Files</Filter>
    </ClCompile>
    <ClCompile Include="..\Classes\MazeScene.cpp">
      <Filter>Source Files\Classes</Filter>
    </ClCompile>
  </ItemGroup>
  <ItemGroup>
    <ClInclude Include="C:\Users\lcv0278187\Documents\GitHub\2dgames\2dgames\Classes\AppDelegate.h">
      <Filter>Source Files\Classes</Filter>
    </ClInclude>
    <ClInclude Include="C:\Users\lcv0278187\Documents\GitHub\2dgames\2dgames\Classes\Assignment2.h">
      <Filter>Source Files\Classes</Filter>
    </ClInclude>
    <ClInclude Include="C:\Users\lcv0278187\Documents\GitHub\2dgames\2dgames\Classes\CollisionComponent.h">
      <Filter>Source Files\Classes</Filter>
    </ClInclude>
    <ClInclude Include="C:\Users\lcv0278187\Documents\GitHub\2dgames\2dgames\Classes\CollisionTestScene.h">
      <Filter>Source Files\Classes</Filter>
    </ClInclude>
    <ClInclude Include="C:\Users\lcv0278187\Documents\GitHub\2dgames\2dgames\Classes\HelloWorldScene.h">
      <Filter>Source Files\Classes</Filter>
    </ClInclude>
    <ClInclude Include="C:\Users\lcv0278187\Documents\GitHub\2dgames\2dgames\Classes\KeyboardScene.h">
      <Filter>Source Files\Classes</Filter>
    </ClInclude>
    <ClInclude Include="C:\Users\lcv0278187\Documents\GitHub\2dgames\2dgames\proj.win32\main.h">
      <Filter>Source Files\proj.win32</Filter>
    </ClInclude>
    <ClInclude Include="C:\Users\lcv0278187\Documents\GitHub\2dgames\2dgames\proj.win32\resource.h">
      <Filter>Source Files\proj.win32</Filter>
    </ClInclude>
    <ClInclude Include="C:\Users\lcv0278187\Documents\GitHub\2dgames\2dgames\Resources\CloseNormal.png">
      <Filter>Resources</Filter>
    </ClInclude>
    <ClInclude Include="C:\Users\lcv0278187\Documents\GitHub\2dgames\2dgames\Resources\CloseSelected.png">
      <Filter>Resources</Filter>
    </ClInclude>
    <ClInclude Include="C:\Users\lcv0278187\Documents\GitHub\2dgames\2dgames\Resources\HelloWorld.png">
      <Filter>Resources</Filter>
    </ClInclude>
    <ClInclude Include="C:\Users\lcv0278187\Documents\GitHub\2dgames\2dgames\Resources\fonts\Marker Felt.ttf">
      <Filter>Resources\fonts</Filter>
    </ClInclude>
    <ClInclude Include="C:\Users\lcv0278187\Documents\GitHub\2dgames\2dgames\Resources\fonts\arial.ttf">
      <Filter>Resources\fonts</Filter>
    </ClInclude>
    <ClInclude Include="C:\Users\lcv0278187\Documents\GitHub\2dgames\2dgames\Resources\res\.gitkeep">
      <Filter>Resources\res</Filter>
    </ClInclude>
    <ClInclude Include="..\Classes\MazeScene.h">
      <Filter>Source Files\Classes</Filter>
    </ClInclude>
  </ItemGroup>
  <ItemGroup>
    <CustomBuild Include="C:\Users\lcv0278187\Documents\GitHub\2dgames\2dgames\CMakeLists.txt" />
  </ItemGroup>
  <ItemGroup>
    <ResourceCompile Include="C:\Users\lcv0278187\Documents\GitHub\2dgames\2dgames\proj.win32\game.rc">
      <Filter>Source Files\proj.win32</Filter>
    </ResourceCompile>
  </ItemGroup>
  <ItemGroup>
    <Filter Include="Resources">
      <UniqueIdentifier>{9F35787F-7DCB-3FB3-9E55-90A36CC705AE}</UniqueIdentifier>
    </Filter>
    <Filter Include="Resources\fonts">
      <UniqueIdentifier>{3E5E2207-F5BF-32D8-9904-0394B6B42BF5}</UniqueIdentifier>
    </Filter>
    <Filter Include="Resources\res">
      <UniqueIdentifier>{2B42B1C8-E8C7-3FFF-974B-241728B6521B}</UniqueIdentifier>
    </Filter>
    <Filter Include="Source Files">
      <UniqueIdentifier>{31E7F2C5-8DAB-36EE-8166-ADE67D015858}</UniqueIdentifier>
    </Filter>
    <Filter Include="Source Files\Classes">
      <UniqueIdentifier>{ECC0B25F-2DAC-33C3-9034-E61177CF7FA9}</UniqueIdentifier>
    </Filter>
    <Filter Include="Source Files\proj.win32">
      <UniqueIdentifier>{09D56430-C4ED-39E8-B11C-B751C40582B4}</UniqueIdentifier>
    </Filter>
  </ItemGroup>
</Project>