<?xml version="1.0" encoding="utf-8"?>
<Project ToolsVersion="17.0" xmlns="http://schemas.microsoft.com/developer/msbuild/2003">
  <ItemGroup>
    <CustomBuild Include="C:\Users\chand\OneDrive\Documents\GitHub\2dgames\2dgames\proj.win32\CMakeFiles\edd4fd2aa7bc360881c822d5771f5a21\generate.stamp.rule">
      <Filter>CMake Rules</Filter>
    </CustomBuild>
  </ItemGroup>
  <ItemGroup>
    <Filter Include="CMake Rules">
      <UniqueIdentifier>{C35C7E32-DF8C-3690-BE51-5C415F8BF604}</UniqueIdentifier>
    </Filter>
  </ItemGroup>
</Project>
